
Microsoft Visual Studio Solution File, Format Version 12.00
# Visual Studio Version 17
VisualStudioVersion = 17.3.32929.385
MinimumVisualStudioVersion = 10.0.40219.1
Project("{FAE04EC0-301F-11D3-BF4B-00C04F79EFBC}") = "RisoOdonto.UI", "RisoOdonto.UI\RisoOdonto.UI.csproj", "{DFF29E23-B8C3-4EF9-954C-7CC4580AF866}"
EndProject
Project("{FAE04EC0-301F-11D3-BF4B-00C04F79EFBC}") = "RisoOdonto.DTO", "RisoOdonto.DTO\RisoOdonto.DTO.csproj", "{D74D47BF-8B40-4BB4-8735-BF7BD2C9AAE1}"
EndProject
Project("{FAE04EC0-301F-11D3-BF4B-00C04F79EFBC}") = "RisoOdonto.DAL", "RisoOdonto.DAL\RisoOdonto.DAL.csproj", "{D8D834FA-04B0-47E7-B904-A705918E9930}"
EndProject
Project("{FAE04EC0-301F-11D3-BF4B-00C04F79EFBC}") = "RisoOdonto.BLL", "RisoOdonto.BLL\RisoOdonto.BLL.csproj", "{5D0F8116-381B-4DE8-866C-F745C852586C}"
EndProject
Project("{FAE04EC0-301F-11D3-BF4B-00C04F79EFBC}") = "RisoOdonto.DSKTP", "RisoOdonto.DSKTP\RisoOdonto.DSKTP.csproj", "{9D007D12-726A-44CB-973E-2DC805414A72}"
EndProject
Global
	GlobalSection(SolutionConfigurationPlatforms) = preSolution
		Debug|Any CPU = Debug|Any CPU
		Release|Any CPU = Release|Any CPU
	EndGlobalSection
	GlobalSection(ProjectConfigurationPlatforms) = postSolution
		{DFF29E23-B8C3-4EF9-954C-7CC4580AF866}.Debug|Any CPU.ActiveCfg = Debug|Any CPU
		{DFF29E23-B8C3-4EF9-954C-7CC4580AF866}.Debug|Any CPU.Build.0 = Debug|Any CPU
		{DFF29E23-B8C3-4EF9-954C-7CC4580AF866}.Release|Any CPU.ActiveCfg = Release|Any CPU
		{DFF29E23-B8C3-4EF9-954C-7CC4580AF866}.Release|Any CPU.Build.0 = Release|Any CPU
		{D74D47BF-8B40-4BB4-8735-BF7BD2C9AAE1}.Debug|Any CPU.ActiveCfg = Debug|Any CPU
		{D74D47BF-8B40-4BB4-8735-BF7BD2C9AAE1}.Debug|Any CPU.Build.0 = Debug|Any CPU
		{D74D47BF-8B40-4BB4-8735-BF7BD2C9AAE1}.Release|Any CPU.ActiveCfg = Release|Any CPU
		{D74D47BF-8B40-4BB4-8735-BF7BD2C9AAE1}.Release|Any CPU.Build.0 = Release|Any CPU
		{D8D834FA-04B0-47E7-B904-A705918E9930}.Debug|Any CPU.ActiveCfg = Debug|Any CPU
		{D8D834FA-04B0-47E7-B904-A705918E9930}.Debug|Any CPU.Build.0 = Debug|Any CPU
		{D8D834FA-04B0-47E7-B904-A705918E9930}.Release|Any CPU.ActiveCfg = Release|Any CPU
		{D8D834FA-04B0-47E7-B904-A705918E9930}.Release|Any CPU.Build.0 = Release|Any CPU
		{5D0F8116-381B-4DE8-866C-F745C852586C}.Debug|Any CPU.ActiveCfg = Debug|Any CPU
		{5D0F8116-381B-4DE8-866C-F745C852586C}.Debug|Any CPU.Build.0 = Debug|Any CPU
		{5D0F8116-381B-4DE8-866C-F745C852586C}.Release|Any CPU.ActiveCfg = Release|Any CPU
		{5D0F8116-381B-4DE8-866C-F745C852586C}.Release|Any CPU.Build.0 = Release|Any CPU
		{9D007D12-726A-44CB-973E-2DC805414A72}.Debug|Any CPU.ActiveCfg = Debug|Any CPU
		{9D007D12-726A-44CB-973E-2DC805414A72}.Debug|Any CPU.Build.0 = Debug|Any CPU
		{9D007D12-726A-44CB-973E-2DC805414A72}.Release|Any CPU.ActiveCfg = Release|Any CPU
		{9D007D12-726A-44CB-973E-2DC805414A72}.Release|Any CPU.Build.0 = Release|Any CPU
	EndGlobalSection
	GlobalSection(SolutionProperties) = preSolution
		HideSolutionNode = FALSE
	EndGlobalSection
	GlobalSection(ExtensibilityGlobals) = postSolution
		SolutionGuid = {1A23E90E-6B5B-43F6-B029-71CD4B2EBE21}
	EndGlobalSection
EndGlobal
